
Microsoft Visual Studio Solution File, Format Version 12.00
# Visual Studio 15
VisualStudioVersion = 15.0.26403.7
MinimumVisualStudioVersion = 10.0.40219.1
Project("{FAE04EC0-301F-11D3-BF4B-00C04F79EFBC}") = "Naybe", "Naybe\Naybe.csproj", "{CAA7CC96-470C-47E7-982E-4DBFA098950B}"
EndProject
Project("{FAE04EC0-301F-11D3-BF4B-00C04F79EFBC}") = "NaybeTests", "NaybeTests\NaybeTests.csproj", "{FAA49F26-C5B5-4A7C-8262-16498DF84D23}"
EndProject
Global
	GlobalSection(SolutionConfigurationPlatforms) = preSolution
		Debug|Any CPU = Debug|Any CPU
		Release|Any CPU = Release|Any CPU
	EndGlobalSection
	GlobalSection(ProjectConfigurationPlatforms) = postSolution
		{CAA7CC96-470C-47E7-982E-4DBFA098950B}.Debug|Any CPU.ActiveCfg = Debug|Any CPU
		{CAA7CC96-470C-47E7-982E-4DBFA098950B}.Debug|Any CPU.Build.0 = Debug|Any CPU
		{CAA7CC96-470C-47E7-982E-4DBFA098950B}.Release|Any CPU.ActiveCfg = Release|Any CPU
		{CAA7CC96-470C-47E7-982E-4DBFA098950B}.Release|Any CPU.Build.0 = Release|Any CPU
		{FAA49F26-C5B5-4A7C-8262-16498DF84D23}.Debug|Any CPU.ActiveCfg = Debug|Any CPU
		{FAA49F26-C5B5-4A7C-8262-16498DF84D23}.Debug|Any CPU.Build.0 = Debug|Any CPU
		{FAA49F26-C5B5-4A7C-8262-16498DF84D23}.Release|Any CPU.ActiveCfg = Release|Any CPU
		{FAA49F26-C5B5-4A7C-8262-16498DF84D23}.Release|Any CPU.Build.0 = Release|Any CPU
	EndGlobalSection
	GlobalSection(SolutionProperties) = preSolution
		HideSolutionNode = FALSE
	EndGlobalSection
EndGlobal
